<?xml version="1.0" encoding="utf-8"?>
<Project ToolsVersion="4.0" xmlns="http://schemas.microsoft.com/developer/msbuild/2003">
  <ItemGroup>
    <Filter Include="Source">
      <UniqueIdentifier>{33c7ae01-aa8a-46bd-8176-355d11be1050}</UniqueIdentifier>
    </Filter>
    <Filter Include="Source\External">
      <UniqueIdentifier>{45733f0b-acbf-43e5-8523-6a7600438b01}</UniqueIdentifier>
    </Filter>
    <Filter Include="Source\External\Imgui">
      <UniqueIdentifier>{bf6e0236-93e2-41e0-9ca0-d167cc322e30}</UniqueIdentifier>
    </Filter>
    <Filter Include="Source\External\MathGeoLib">
      <UniqueIdentifier>{9b1ef5ec-1e81-4914-88fa-1a8b21eaaf09}</UniqueIdentifier>
    </Filter>
    <Filter Include="Source\External\Imgui\misc">
      <UniqueIdentifier>{5f0f0862-3b6e-4f51-a33c-0da63c50f21b}</UniqueIdentifier>
    </Filter>
    <Filter Include="Source\External\JSON">
      <UniqueIdentifier>{41cfc0d5-cf64-4906-aaf4-0a761c176b6f}</UniqueIdentifier>
    </Filter>
    <Filter Include="Source\Components">
      <UniqueIdentifier>{491f45fb-b12a-457a-a5db-9b8878bdd4c3}</UniqueIdentifier>
    </Filter>
    <Filter Include="Source\Model Loading">
      <UniqueIdentifier>{4b5354c0-94bf-4869-870d-47eae1cb7c82}</UniqueIdentifier>
    </Filter>
    <Filter Include="Source\Graphics">
      <UniqueIdentifier>{1aff6c57-1db2-4d06-8b82-76d2f20ba793}</UniqueIdentifier>
    </Filter>
    <Filter Include="Source\Graphics\Shaders">
      <UniqueIdentifier>{93c74bf0-a6cb-4008-acf2-036e5867c052}</UniqueIdentifier>
    </Filter>
  </ItemGroup>
  <ItemGroup>
    <ClCompile Include="Source\Application.cpp">
      <Filter>Source</Filter>
    </ClCompile>
    <ClCompile Include="Source\Color.cpp">
      <Filter>Source</Filter>
    </ClCompile>
    <ClCompile Include="Source\glmath.cpp">
      <Filter>Source</Filter>
    </ClCompile>
    <ClCompile Include="Source\Light.cpp">
      <Filter>Source</Filter>
    </ClCompile>
    <ClCompile Include="Source\Main.cpp">
      <Filter>Source</Filter>
    </ClCompile>
    <ClCompile Include="Source\ModuleAudio.cpp">
      <Filter>Source</Filter>
    </ClCompile>
    <ClCompile Include="Source\ModuleCamera3D.cpp">
      <Filter>Source</Filter>
    </ClCompile>
    <ClCompile Include="Source\ModuleInput.cpp">
      <Filter>Source</Filter>
    </ClCompile>
    <ClCompile Include="Source\ModuleRenderer3D.cpp">
      <Filter>Source</Filter>
    </ClCompile>
    <ClCompile Include="Source\ModuleSceneIntro.cpp">
      <Filter>Source</Filter>
    </ClCompile>
    <ClCompile Include="Source\ModuleWindow.cpp">
      <Filter>Source</Filter>
    </ClCompile>
    <ClCompile Include="Source\Primitive.cpp">
      <Filter>Source</Filter>
    </ClCompile>
    <ClCompile Include="Source\Timer.cpp">
      <Filter>Source</Filter>
    </ClCompile>
    <ClCompile Include="Source\Log.cpp">
      <Filter>Source</Filter>
    </ClCompile>
    <ClCompile Include="Source\External\MathGeoLib\Algorithm\GJK.cpp">
      <Filter>Source\External\MathGeoLib</Filter>
    </ClCompile>
    <ClCompile Include="Source\External\MathGeoLib\Algorithm\GJK2D.cpp">
      <Filter>Source\External\MathGeoLib</Filter>
    </ClCompile>
    <ClCompile Include="Source\External\MathGeoLib\Algorithm\Random\LCG.cpp">
      <Filter>Source\External\MathGeoLib</Filter>
    </ClCompile>
    <ClCompile Include="Source\External\MathGeoLib\Algorithm\SAT.cpp">
      <Filter>Source\External\MathGeoLib</Filter>
    </ClCompile>
    <ClCompile Include="Source\External\MathGeoLib\Geometry\AABB.cpp">
      <Filter>Source\External\MathGeoLib</Filter>
    </ClCompile>
    <ClCompile Include="Source\External\MathGeoLib\Geometry\Capsule.cpp">
      <Filter>Source\External\MathGeoLib</Filter>
    </ClCompile>
    <ClCompile Include="Source\External\MathGeoLib\Geometry\Circle.cpp">
      <Filter>Source\External\MathGeoLib</Filter>
    </ClCompile>
    <ClCompile Include="Source\External\MathGeoLib\Geometry\Circle2D.cpp">
      <Filter>Source\External\MathGeoLib</Filter>
    </ClCompile>
    <ClCompile Include="Source\External\MathGeoLib\Geometry\Frustum.cpp">
      <Filter>Source\External\MathGeoLib</Filter>
    </ClCompile>
    <ClCompile Include="Source\External\MathGeoLib\Geometry\Line.cpp">
      <Filter>Source\External\MathGeoLib</Filter>
    </ClCompile>
    <ClCompile Include="Source\External\MathGeoLib\Geometry\LineSegment.cpp">
      <Filter>Source\External\MathGeoLib</Filter>
    </ClCompile>
    <ClCompile Include="Source\External\MathGeoLib\Geometry\LineSegment2D.cpp">
      <Filter>Source\External\MathGeoLib</Filter>
    </ClCompile>
    <ClCompile Include="Source\External\MathGeoLib\Geometry\OBB.cpp">
      <Filter>Source\External\MathGeoLib</Filter>
    </ClCompile>
    <ClCompile Include="Source\External\MathGeoLib\Geometry\PBVolume.cpp">
      <Filter>Source\External\MathGeoLib</Filter>
    </ClCompile>
    <ClCompile Include="Source\External\MathGeoLib\Geometry\Plane.cpp">
      <Filter>Source\External\MathGeoLib</Filter>
    </ClCompile>
    <ClCompile Include="Source\External\MathGeoLib\Geometry\Polygon.cpp">
      <Filter>Source\External\MathGeoLib</Filter>
    </ClCompile>
    <ClCompile Include="Source\External\MathGeoLib\Geometry\Polyhedron.cpp">
      <Filter>Source\External\MathGeoLib</Filter>
    </ClCompile>
    <ClCompile Include="Source\External\MathGeoLib\Geometry\Ray.cpp">
      <Filter>Source\External\MathGeoLib</Filter>
    </ClCompile>
    <ClCompile Include="Source\External\MathGeoLib\Geometry\Sphere.cpp">
      <Filter>Source\External\MathGeoLib</Filter>
    </ClCompile>
    <ClCompile Include="Source\External\MathGeoLib\Geometry\Triangle.cpp">
      <Filter>Source\External\MathGeoLib</Filter>
    </ClCompile>
    <ClCompile Include="Source\External\MathGeoLib\Geometry\Triangle2D.cpp">
      <Filter>Source\External\MathGeoLib</Filter>
    </ClCompile>
    <ClCompile Include="Source\External\MathGeoLib\Geometry\TriangleMesh.cpp">
      <Filter>Source\External\MathGeoLib</Filter>
    </ClCompile>
    <ClCompile Include="Source\External\MathGeoLib\Math\BitOps.cpp">
      <Filter>Source\External\MathGeoLib</Filter>
    </ClCompile>
    <ClCompile Include="Source\External\MathGeoLib\Math\Callstack.cpp">
      <Filter>Source\External\MathGeoLib</Filter>
    </ClCompile>
    <ClCompile Include="Source\External\MathGeoLib\Math\float2.cpp">
      <Filter>Source\External\MathGeoLib</Filter>
    </ClCompile>
    <ClCompile Include="Source\External\MathGeoLib\Math\float3.cpp">
      <Filter>Source\External\MathGeoLib</Filter>
    </ClCompile>
    <ClCompile Include="Source\External\MathGeoLib\Math\float3x3.cpp">
      <Filter>Source\External\MathGeoLib</Filter>
    </ClCompile>
    <ClCompile Include="Source\External\MathGeoLib\Math\float3x4.cpp">
      <Filter>Source\External\MathGeoLib</Filter>
    </ClCompile>
    <ClCompile Include="Source\External\MathGeoLib\Math\float4.cpp">
      <Filter>Source\External\MathGeoLib</Filter>
    </ClCompile>
    <ClCompile Include="Source\External\MathGeoLib\Math\float4d.cpp">
      <Filter>Source\External\MathGeoLib</Filter>
    </ClCompile>
    <ClCompile Include="Source\External\MathGeoLib\Math\float4x4.cpp">
      <Filter>Source\External\MathGeoLib</Filter>
    </ClCompile>
    <ClCompile Include="Source\External\MathGeoLib\Math\grisu3.c">
      <Filter>Source\External\MathGeoLib</Filter>
    </ClCompile>
    <ClCompile Include="Source\External\MathGeoLib\Math\grisu3_cpp.cpp">
      <Filter>Source\External\MathGeoLib</Filter>
    </ClCompile>
    <ClCompile Include="Source\External\MathGeoLib\Math\MathFunc.cpp">
      <Filter>Source\External\MathGeoLib</Filter>
    </ClCompile>
    <ClCompile Include="Source\External\MathGeoLib\Math\MathLog.cpp">
      <Filter>Source\External\MathGeoLib</Filter>
    </ClCompile>
    <ClCompile Include="Source\External\MathGeoLib\Math\MathOps.cpp">
      <Filter>Source\External\MathGeoLib</Filter>
    </ClCompile>
    <ClCompile Include="Source\External\MathGeoLib\Math\MiniFloat.cpp">
      <Filter>Source\External\MathGeoLib</Filter>
    </ClCompile>
    <ClCompile Include="Source\External\MathGeoLib\Math\Polynomial.cpp">
      <Filter>Source\External\MathGeoLib</Filter>
    </ClCompile>
    <ClCompile Include="Source\External\MathGeoLib\Math\Quat.cpp">
      <Filter>Source\External\MathGeoLib</Filter>
    </ClCompile>
    <ClCompile Include="Source\External\MathGeoLib\Math\SSEMath.cpp">
      <Filter>Source\External\MathGeoLib</Filter>
    </ClCompile>
    <ClCompile Include="Source\External\MathGeoLib\Math\TransformOps.cpp">
      <Filter>Source\External\MathGeoLib</Filter>
    </ClCompile>
    <ClCompile Include="Source\External\MathGeoLib\Time\Clock.cpp">
      <Filter>Source\External\MathGeoLib</Filter>
    </ClCompile>
    <ClCompile Include="Source\ModuleUI.cpp">
      <Filter>Source</Filter>
    </ClCompile>
    <ClCompile Include="Source\External\Imgui\imgui_impl_sdl.cpp">
      <Filter>Source\External\Imgui</Filter>
    </ClCompile>
    <ClCompile Include="Source\External\Imgui\imgui_tables.cpp">
      <Filter>Source\External\Imgui</Filter>
    </ClCompile>
    <ClCompile Include="Source\External\Imgui\imgui_widgets.cpp">
      <Filter>Source\External\Imgui</Filter>
    </ClCompile>
    <ClCompile Include="Source\External\Imgui\imgui.cpp">
      <Filter>Source\External\Imgui</Filter>
    </ClCompile>
    <ClCompile Include="Source\External\Imgui\imgui_demo.cpp">
      <Filter>Source\External\Imgui</Filter>
    </ClCompile>
    <ClCompile Include="Source\External\Imgui\imgui_draw.cpp">
      <Filter>Source\External\Imgui</Filter>
    </ClCompile>
    <ClCompile Include="Source\External\Imgui\imgui_impl_opengl3.cpp">
      <Filter>Source\External\Imgui</Filter>
    </ClCompile>
    <ClCompile Include="Source\External\Imgui\misc\cpp\imgui_stdlib.cpp">
      <Filter>Source\External\Imgui\misc</Filter>
    </ClCompile>
    <ClCompile Include="Source\External\JSON parson\JSON_Parsing.cpp">
      <Filter>Source\External\JSON</Filter>
    </ClCompile>
    <ClCompile Include="Source\External\JSON parson\parson.c">
      <Filter>Source\External\JSON</Filter>
    </ClCompile>
    <ClCompile Include="Source\GameObject.cpp">
      <Filter>Source</Filter>
    </ClCompile>
    <ClCompile Include="Source\EngineSystem.cpp">
      <Filter>Source</Filter>
    </ClCompile>
    <ClCompile Include="Source\Scene.cpp">
      <Filter>Source</Filter>
    </ClCompile>
    <ClCompile Include="Source\GOC_MeshRenderer.cpp">
      <Filter>Source\Components</Filter>
    </ClCompile>
    <ClCompile Include="Source\GOC_Transform.cpp">
      <Filter>Source\Components</Filter>
    </ClCompile>
    <ClCompile Include="Source\UIFunctions.cpp">
      <Filter>Source</Filter>
    </ClCompile>
    <ClCompile Include="Source\Mesh.cpp">
      <Filter>Source\Model Loading</Filter>
    </ClCompile>
    <ClCompile Include="Source\Shader.cpp">
      <Filter>Source\Graphics</Filter>
    </ClCompile>
    <ClCompile Include="Source\Model.cpp">
      <Filter>Source\Model Loading</Filter>
    </ClCompile>
    <ClCompile Include="Source\TextureLoader.cpp">
      <Filter>Source\Model Loading</Filter>
    </ClCompile>
    <ClCompile Include="Source\GOC_Texture.cpp">
      <Filter>Source\Components</Filter>
    </ClCompile>
  </ItemGroup>
  <ItemGroup>
    <ClInclude Include="Source\Application.h">
      <Filter>Source</Filter>
    </ClInclude>
    <ClInclude Include="Source\Color.h">
      <Filter>Source</Filter>
    </ClInclude>
    <ClInclude Include="Source\glmath.h">
      <Filter>Source</Filter>
    </ClInclude>
    <ClInclude Include="Source\Globals.h">
      <Filter>Source</Filter>
    </ClInclude>
    <ClInclude Include="Source\Light.h">
      <Filter>Source</Filter>
    </ClInclude>
    <ClInclude Include="Source\Module.h">
      <Filter>Source</Filter>
    </ClInclude>
    <ClInclude Include="Source\ModuleCamera3D.h">
      <Filter>Source</Filter>
    </ClInclude>
    <ClInclude Include="Source\ModuleInput.h">
      <Filter>Source</Filter>
    </ClInclude>
    <ClInclude Include="Source\ModuleRenderer3D.h">
      <Filter>Source</Filter>
    </ClInclude>
    <ClInclude Include="Source\ModuleSceneIntro.h">
      <Filter>Source</Filter>
    </ClInclude>
    <ClInclude Include="Source\ModuleWindow.h">
      <Filter>Source</Filter>
    </ClInclude>
    <ClInclude Include="Source\Primitive.h">
      <Filter>Source</Filter>
    </ClInclude>
    <ClInclude Include="Source\Timer.h">
      <Filter>Source</Filter>
    </ClInclude>
    <ClInclude Include="Source\Log.h">
      <Filter>Source</Filter>
    </ClInclude>
    <ClInclude Include="Source\External\MathGeoLib\Algorithm\GJK.h">
      <Filter>Source\External\MathGeoLib</Filter>
    </ClInclude>
    <ClInclude Include="Source\External\MathGeoLib\Algorithm\GJK2D.h">
      <Filter>Source\External\MathGeoLib</Filter>
    </ClInclude>
    <ClInclude Include="Source\External\MathGeoLib\Algorithm\Random\LCG.h">
      <Filter>Source\External\MathGeoLib</Filter>
    </ClInclude>
    <ClInclude Include="Source\External\MathGeoLib\Algorithm\SAT.h">
      <Filter>Source\External\MathGeoLib</Filter>
    </ClInclude>
    <ClInclude Include="Source\External\MathGeoLib\emscripten\library_system.h">
      <Filter>Source\External\MathGeoLib</Filter>
    </ClInclude>
    <ClInclude Include="Source\External\MathGeoLib\Geometry\AABB.h">
      <Filter>Source\External\MathGeoLib</Filter>
    </ClInclude>
    <ClInclude Include="Source\External\MathGeoLib\Geometry\AABB2D.h">
      <Filter>Source\External\MathGeoLib</Filter>
    </ClInclude>
    <ClInclude Include="Source\External\MathGeoLib\Geometry\Capsule.h">
      <Filter>Source\External\MathGeoLib</Filter>
    </ClInclude>
    <ClInclude Include="Source\External\MathGeoLib\Geometry\Circle.h">
      <Filter>Source\External\MathGeoLib</Filter>
    </ClInclude>
    <ClInclude Include="Source\External\MathGeoLib\Geometry\Circle2D.h">
      <Filter>Source\External\MathGeoLib</Filter>
    </ClInclude>
    <ClInclude Include="Source\External\MathGeoLib\Geometry\Frustum.h">
      <Filter>Source\External\MathGeoLib</Filter>
    </ClInclude>
    <ClInclude Include="Source\External\MathGeoLib\Geometry\GeometryAll.h">
      <Filter>Source\External\MathGeoLib</Filter>
    </ClInclude>
    <ClInclude Include="Source\External\MathGeoLib\Geometry\GeomType.h">
      <Filter>Source\External\MathGeoLib</Filter>
    </ClInclude>
    <ClInclude Include="Source\External\MathGeoLib\Geometry\HitInfo.h">
      <Filter>Source\External\MathGeoLib</Filter>
    </ClInclude>
    <ClInclude Include="Source\External\MathGeoLib\Geometry\KDTree.h">
      <Filter>Source\External\MathGeoLib</Filter>
    </ClInclude>
    <ClInclude Include="Source\External\MathGeoLib\Geometry\Line.h">
      <Filter>Source\External\MathGeoLib</Filter>
    </ClInclude>
    <ClInclude Include="Source\External\MathGeoLib\Geometry\LineSegment.h">
      <Filter>Source\External\MathGeoLib</Filter>
    </ClInclude>
    <ClInclude Include="Source\External\MathGeoLib\Geometry\LineSegment2D.h">
      <Filter>Source\External\MathGeoLib</Filter>
    </ClInclude>
    <ClInclude Include="Source\External\MathGeoLib\Geometry\OBB.h">
      <Filter>Source\External\MathGeoLib</Filter>
    </ClInclude>
    <ClInclude Include="Source\External\MathGeoLib\Geometry\OBB2D.h">
      <Filter>Source\External\MathGeoLib</Filter>
    </ClInclude>
    <ClInclude Include="Source\External\MathGeoLib\Geometry\PBVolume.h">
      <Filter>Source\External\MathGeoLib</Filter>
    </ClInclude>
    <ClInclude Include="Source\External\MathGeoLib\Geometry\Plane.h">
      <Filter>Source\External\MathGeoLib</Filter>
    </ClInclude>
    <ClInclude Include="Source\External\MathGeoLib\Geometry\Polygon.h">
      <Filter>Source\External\MathGeoLib</Filter>
    </ClInclude>
    <ClInclude Include="Source\External\MathGeoLib\Geometry\Polygon2DRef.h">
      <Filter>Source\External\MathGeoLib</Filter>
    </ClInclude>
    <ClInclude Include="Source\External\MathGeoLib\Geometry\Polyhedron.h">
      <Filter>Source\External\MathGeoLib</Filter>
    </ClInclude>
    <ClInclude Include="Source\External\MathGeoLib\Geometry\QuadTree.h">
      <Filter>Source\External\MathGeoLib</Filter>
    </ClInclude>
    <ClInclude Include="Source\External\MathGeoLib\Geometry\Ray.h">
      <Filter>Source\External\MathGeoLib</Filter>
    </ClInclude>
    <ClInclude Include="Source\External\MathGeoLib\Geometry\Sphere.h">
      <Filter>Source\External\MathGeoLib</Filter>
    </ClInclude>
    <ClInclude Include="Source\External\MathGeoLib\Geometry\Triangle.h">
      <Filter>Source\External\MathGeoLib</Filter>
    </ClInclude>
    <ClInclude Include="Source\External\MathGeoLib\Geometry\Triangle2D.h">
      <Filter>Source\External\MathGeoLib</Filter>
    </ClInclude>
    <ClInclude Include="Source\External\MathGeoLib\Geometry\TriangleMesh.h">
      <Filter>Source\External\MathGeoLib</Filter>
    </ClInclude>
    <ClInclude Include="Source\External\MathGeoLib\Math\assume.h">
      <Filter>Source\External\MathGeoLib</Filter>
    </ClInclude>
    <ClInclude Include="Source\External\MathGeoLib\Math\BitFuncs.h">
      <Filter>Source\External\MathGeoLib</Filter>
    </ClInclude>
    <ClInclude Include="Source\External\MathGeoLib\Math\BitOps.h">
      <Filter>Source\External\MathGeoLib</Filter>
    </ClInclude>
    <ClInclude Include="Source\External\MathGeoLib\Math\Callstack.h">
      <Filter>Source\External\MathGeoLib</Filter>
    </ClInclude>
    <ClInclude Include="Source\External\MathGeoLib\Math\FixedPoint.h">
      <Filter>Source\External\MathGeoLib</Filter>
    </ClInclude>
    <ClInclude Include="Source\External\MathGeoLib\Math\float2.h">
      <Filter>Source\External\MathGeoLib</Filter>
    </ClInclude>
    <ClInclude Include="Source\External\MathGeoLib\Math\float3.h">
      <Filter>Source\External\MathGeoLib</Filter>
    </ClInclude>
    <ClInclude Include="Source\External\MathGeoLib\Math\float3x3.h">
      <Filter>Source\External\MathGeoLib</Filter>
    </ClInclude>
    <ClInclude Include="Source\External\MathGeoLib\Math\float3x4.h">
      <Filter>Source\External\MathGeoLib</Filter>
    </ClInclude>
    <ClInclude Include="Source\External\MathGeoLib\Math\float4.h">
      <Filter>Source\External\MathGeoLib</Filter>
    </ClInclude>
    <ClInclude Include="Source\External\MathGeoLib\Math\float4d.h">
      <Filter>Source\External\MathGeoLib</Filter>
    </ClInclude>
    <ClInclude Include="Source\External\MathGeoLib\Math\float4x4.h">
      <Filter>Source\External\MathGeoLib</Filter>
    </ClInclude>
    <ClInclude Include="Source\External\MathGeoLib\Math\float4x4_neon.h">
      <Filter>Source\External\MathGeoLib</Filter>
    </ClInclude>
    <ClInclude Include="Source\External\MathGeoLib\Math\float4x4_sse.h">
      <Filter>Source\External\MathGeoLib</Filter>
    </ClInclude>
    <ClInclude Include="Source\External\MathGeoLib\Math\float4_neon.h">
      <Filter>Source\External\MathGeoLib</Filter>
    </ClInclude>
    <ClInclude Include="Source\External\MathGeoLib\Math\float4_sse.h">
      <Filter>Source\External\MathGeoLib</Filter>
    </ClInclude>
    <ClInclude Include="Source\External\MathGeoLib\Math\FloatCmp.h">
      <Filter>Source\External\MathGeoLib</Filter>
    </ClInclude>
    <ClInclude Include="Source\External\MathGeoLib\Math\grisu3.h">
      <Filter>Source\External\MathGeoLib</Filter>
    </ClInclude>
    <ClInclude Include="Source\External\MathGeoLib\Math\InclWindows.h">
      <Filter>Source\External\MathGeoLib</Filter>
    </ClInclude>
    <ClInclude Include="Source\External\MathGeoLib\Math\Interpolate.h">
      <Filter>Source\External\MathGeoLib</Filter>
    </ClInclude>
    <ClInclude Include="Source\External\MathGeoLib\Math\MathAll.h">
      <Filter>Source\External\MathGeoLib</Filter>
    </ClInclude>
    <ClInclude Include="Source\External\MathGeoLib\Math\MathConstants.h">
      <Filter>Source\External\MathGeoLib</Filter>
    </ClInclude>
    <ClInclude Include="Source\External\MathGeoLib\Math\MathFunc.h">
      <Filter>Source\External\MathGeoLib</Filter>
    </ClInclude>
    <ClInclude Include="Source\External\MathGeoLib\Math\MathLog.h">
      <Filter>Source\External\MathGeoLib</Filter>
    </ClInclude>
    <ClInclude Include="Source\External\MathGeoLib\Math\MathNamespace.h">
      <Filter>Source\External\MathGeoLib</Filter>
    </ClInclude>
    <ClInclude Include="Source\External\MathGeoLib\Math\MathTypes.h">
      <Filter>Source\External\MathGeoLib</Filter>
    </ClInclude>
    <ClInclude Include="Source\External\MathGeoLib\Math\MatrixProxy.h">
      <Filter>Source\External\MathGeoLib</Filter>
    </ClInclude>
    <ClInclude Include="Source\External\MathGeoLib\Math\MiniFloat.h">
      <Filter>Source\External\MathGeoLib</Filter>
    </ClInclude>
    <ClInclude Include="Source\External\MathGeoLib\Math\MultiLineMacro.h">
      <Filter>Source\External\MathGeoLib</Filter>
    </ClInclude>
    <ClInclude Include="Source\External\MathGeoLib\Math\myassert.h">
      <Filter>Source\External\MathGeoLib</Filter>
    </ClInclude>
    <ClInclude Include="Source\External\MathGeoLib\Math\Polynomial.h">
      <Filter>Source\External\MathGeoLib</Filter>
    </ClInclude>
    <ClInclude Include="Source\External\MathGeoLib\Math\Quat.h">
      <Filter>Source\External\MathGeoLib</Filter>
    </ClInclude>
    <ClInclude Include="Source\External\MathGeoLib\Math\quat_simd.h">
      <Filter>Source\External\MathGeoLib</Filter>
    </ClInclude>
    <ClInclude Include="Source\External\MathGeoLib\Math\Rect.h">
      <Filter>Source\External\MathGeoLib</Filter>
    </ClInclude>
    <ClInclude Include="Source\External\MathGeoLib\Math\Reinterpret.h">
      <Filter>Source\External\MathGeoLib</Filter>
    </ClInclude>
    <ClInclude Include="Source\External\MathGeoLib\Math\simd.h">
      <Filter>Source\External\MathGeoLib</Filter>
    </ClInclude>
    <ClInclude Include="Source\External\MathGeoLib\Math\SSEMath.h">
      <Filter>Source\External\MathGeoLib</Filter>
    </ClInclude>
    <ClInclude Include="Source\External\MathGeoLib\Math\sse_mathfun.h">
      <Filter>Source\External\MathGeoLib</Filter>
    </ClInclude>
    <ClInclude Include="Source\External\MathGeoLib\Math\Swap.h">
      <Filter>Source\External\MathGeoLib</Filter>
    </ClInclude>
    <ClInclude Include="Source\External\MathGeoLib\Math\TransformOps.h">
      <Filter>Source\External\MathGeoLib</Filter>
    </ClInclude>
    <ClInclude Include="Source\External\MathGeoLib\Math\vec2d.h">
      <Filter>Source\External\MathGeoLib</Filter>
    </ClInclude>
    <ClInclude Include="Source\External\MathGeoLib\MathBuildConfig.h">
      <Filter>Source\External\MathGeoLib</Filter>
    </ClInclude>
    <ClInclude Include="Source\External\MathGeoLib\MathGeoLib.h">
      <Filter>Source\External\MathGeoLib</Filter>
    </ClInclude>
    <ClInclude Include="Source\External\MathGeoLib\MathGeoLibFwd.h">
      <Filter>Source\External\MathGeoLib</Filter>
    </ClInclude>
    <ClInclude Include="Source\External\MathGeoLib\Time\Clock.h">
      <Filter>Source\External\MathGeoLib</Filter>
    </ClInclude>
    <ClInclude Include="Source\ModuleUI.h">
      <Filter>Source</Filter>
    </ClInclude>
    <ClInclude Include="Source\External\Imgui\imgui_impl_opengl3.h">
      <Filter>Source\External\Imgui</Filter>
    </ClInclude>
    <ClInclude Include="Source\External\Imgui\imgui_impl_opengl3_loader.h">
      <Filter>Source\External\Imgui</Filter>
    </ClInclude>
    <ClInclude Include="Source\External\Imgui\imgui_impl_sdl.h">
      <Filter>Source\External\Imgui</Filter>
    </ClInclude>
    <ClInclude Include="Source\External\Imgui\imgui_internal.h">
      <Filter>Source\External\Imgui</Filter>
    </ClInclude>
    <ClInclude Include="Source\External\Imgui\imstb_rectpack.h">
      <Filter>Source\External\Imgui</Filter>
    </ClInclude>
    <ClInclude Include="Source\External\Imgui\imstb_textedit.h">
      <Filter>Source\External\Imgui</Filter>
    </ClInclude>
    <ClInclude Include="Source\External\Imgui\imstb_truetype.h">
      <Filter>Source\External\Imgui</Filter>
    </ClInclude>
    <ClInclude Include="Source\External\Imgui\imconfig.h">
      <Filter>Source\External\Imgui</Filter>
    </ClInclude>
    <ClInclude Include="Source\External\Imgui\imgui.h">
      <Filter>Source\External\Imgui</Filter>
    </ClInclude>
    <ClInclude Include="Source\External\Imgui\misc\cpp\imgui_stdlib.h">
      <Filter>Source\External\Imgui\misc</Filter>
    </ClInclude>
    <ClInclude Include="Source\External\JSON parson\JSON_Parsing.h">
      <Filter>Source\External\JSON</Filter>
    </ClInclude>
    <ClInclude Include="Source\External\JSON parson\parson.h">
      <Filter>Source\External\JSON</Filter>
    </ClInclude>
    <ClInclude Include="Source\GameObject.h">
      <Filter>Source</Filter>
    </ClInclude>
    <ClInclude Include="Source\Scene.h">
      <Filter>Source</Filter>
    </ClInclude>
    <ClInclude Include="Source\EngineSystem.h">
      <Filter>Source</Filter>
    </ClInclude>
    <ClInclude Include="Source\GameObjComponent.h">
      <Filter>Source\Components</Filter>
    </ClInclude>
    <ClInclude Include="Source\GOC_MeshRenderer.h">
      <Filter>Source\Components</Filter>
    </ClInclude>
    <ClInclude Include="Source\GOC_Transform.h">
      <Filter>Source\Components</Filter>
    </ClInclude>
    <ClInclude Include="Source\ModuleAudio.h">
      <Filter>Source</Filter>
    </ClInclude>
    <ClInclude Include="Source\UIFunctions.h">
      <Filter>Source</Filter>
    </ClInclude>
    <ClInclude Include="Source\Mesh.h">
      <Filter>Source\Model Loading</Filter>
    </ClInclude>
    <ClInclude Include="Source\Shader.h">
      <Filter>Source\Graphics</Filter>
    </ClInclude>
    <ClInclude Include="Source\Model.h">
      <Filter>Source\Model Loading</Filter>
    </ClInclude>
    <ClInclude Include="Source\TextureLoader.h">
      <Filter>Source\Model Loading</Filter>
    </ClInclude>
    <ClInclude Include="Source\GOC_Texture.h">
      <Filter>Source\Components</Filter>
    </ClInclude>
    <ClInclude Include="Source\Texture.h">
      <Filter>Source\Graphics</Filter>
    </ClInclude>
  </ItemGroup>
  <ItemGroup>
    <None Include="Source\External\MathGeoLib\Geometry\KDTree.inl">
      <Filter>Source\External\MathGeoLib</Filter>
    </None>
    <None Include="Source\External\MathGeoLib\Geometry\QuadTree.inl">
      <Filter>Source\External\MathGeoLib</Filter>
    </None>
    <None Include="Source\External\MathGeoLib\Geometry\TriangleMesh_IntersectRay_AVX.inl">
      <Filter>Source\External\MathGeoLib</Filter>
    </None>
    <None Include="Source\External\MathGeoLib\Geometry\TriangleMesh_IntersectRay_CPP.inl">
      <Filter>Source\External\MathGeoLib</Filter>
    </None>
    <None Include="Source\External\MathGeoLib\Geometry\TriangleMesh_IntersectRay_SSE.inl">
      <Filter>Source\External\MathGeoLib</Filter>
    </None>
    <None Include="Source\External\MathGeoLib\Math\float2.inl">
      <Filter>Source\External\MathGeoLib</Filter>
    </None>
    <None Include="Source\External\MathGeoLib\Math\Matrix.inl">
      <Filter>Source\External\MathGeoLib</Filter>
    </None>
    <None Include="..\Output\Assets\Project_1\Assets\Shaders\default.fragment">
      <Filter>Source\Graphics\Shaders</Filter>
    </None>
    <None Include="..\Output\Assets\Project_1\Assets\Shaders\default.vertex">
      <Filter>Source\Graphics\Shaders</Filter>
    </None>
    <None Include="..\Output\Assets\Project_1\Assets\Shaders\selected.fragment">
      <Filter>Source\Graphics\Shaders</Filter>
    </None>
  </ItemGroup>
</Project>